{
  "version": 4,
  "terraform_version": "1.15.6",
  "serial": 18,
  "lineage": "994450cf-cfae-f45a-84d2-8b2dde223f21",
  "outputs": {
    "server_ip": {
      "value": "54.146.231.149",
      "type": "string"
    }
  },
  "resources": [
    {
      "mode": "managed",
      "type": "aws_instance",
      "name": "monitor_server",
      "provider": "provider[\"registry.terraform.io/hashicorp/aws\"]",
      "instances": [
        {
          "schema_version": 2,
          "attributes": {
            "ami": "ami-0d7405d05f836d0d4",
            "arn": "arn:aws:ec2:us-east-1:064209649655:instance/i-08fe72b640d1512d4",
            "associate_public_ip_address": true,
            "availability_zone": "us-east-1c",
            "capacity_reservation_specification": [
              {
                "capacity_reservation_preference": "open",
                "capacity_reservation_target": []
              }
            ],
            "cpu_options": [
              {
                "amd_sev_snp": "",
                "core_count": 1,
                "nested_virtualization": "",
                "threads_per_core": 2
              }
            ],
            "credit_specification": [
              {
                "cpu_credits": "unlimited"
              }
            ],
            "disable_api_stop": false,
            "disable_api_termination": false,
            "ebs_block_device": [],
            "ebs_optimized": false,
            "enable_primary_ipv6": null,
            "enclave_options": [
              {
                "enabled": false
              }
            ],
            "ephemeral_block_device": [],
            "force_destroy": false,
            "get_password_data": false,
            "hibernation": false,
            "host_id": "",
            "host_resource_group_arn": null,
            "iam_instance_profile": "",
            "id": "i-08fe72b640d1512d4",
            "instance_initiated_shutdown_behavior": "stop",
            "instance_lifecycle": "",
            "instance_market_options": [],
            "instance_state": "running",
            "instance_type": "t3.micro",
            "ipv6_address_count": 0,
            "ipv6_addresses": [],
            "key_name": "monitor-key",
            "launch_template": [],
            "maintenance_options": [
              {
                "auto_recovery": "default"
              }
            ],
            "metadata_options": [
              {
                "http_endpoint": "enabled",
                "http_protocol_ipv6": "disabled",
                "http_put_response_hop_limit": 1,
                "http_tokens": "optional",
                "instance_metadata_tags": "disabled"
              }
            ],
            "monitoring": false,
            "network_interface": [],
            "outpost_arn": "",
            "password_data": "",
            "placement_group": "",
            "placement_group_id": "",
            "placement_partition_number": 0,
            "primary_network_interface": [
              {
                "delete_on_termination": true,
                "network_interface_id": "eni-02b721b0c13f9eac6"
              }
            ],
            "primary_network_interface_id": "eni-02b721b0c13f9eac6",
            "private_dns": "ip-172-31-20-91.ec2.internal",
            "private_dns_name_options": [
              {
                "enable_resource_name_dns_a_record": false,
                "enable_resource_name_dns_aaaa_record": false,
                "hostname_type": "ip-name"
              }
            ],
            "private_ip": "172.31.20.91",
            "public_dns": "ec2-54-146-231-149.compute-1.amazonaws.com",
            "public_ip": "54.146.231.149",
            "region": "us-east-1",
            "root_block_device": [
              {
                "delete_on_termination": true,
                "device_name": "/dev/sda1",
                "encrypted": false,
                "iops": 100,
                "kms_key_id": "",
                "tags": {},
                "tags_all": {},
                "throughput": 0,
                "volume_id": "vol-083d0739aceb6672d",
                "volume_size": 8,
                "volume_type": "gp2"
              }
            ],
            "secondary_network_interface": [],
            "secondary_private_ips": [],
            "security_groups": [
              "monitor-sg"
            ],
            "source_dest_check": true,
            "spot_instance_request_id": "",
            "subnet_id": "subnet-0e6de82fdac12fc3f",
            "tags": {
              "Environment": "learning",
              "Name": "monitor-server",
              "Project": "server-health-monitor"
            },
            "tags_all": {
              "Environment": "learning",
              "Name": "monitor-server",
              "Project": "server-health-monitor"
            },
            "tenancy": "default",
            "timeouts": null,
            "user_data": null,
            "user_data_base64": null,
            "user_data_replace_on_change": false,
            "volume_tags": null,
            "vpc_security_group_ids": [
              "sg-0d2b9680e0648ae74"
            ]
          },
          "sensitive_attributes": [],
          "identity_schema_version": 0,
          "identity": {
            "account_id": "064209649655",
            "id": "i-08fe72b640d1512d4",
            "region": "us-east-1"
          },
          "private": "eyJlMmJmYjczMC1lY2FhLTExZTYtOGY4OC0zNDM2M2JjN2M0YzAiOnsiY3JlYXRlIjo2MDAwMDAwMDAwMDAsImRlbGV0ZSI6MTIwMDAwMDAwMDAwMCwicmVhZCI6OTAwMDAwMDAwMDAwLCJ1cGRhdGUiOjYwMDAwMDAwMDAwMH0sInNjaGVtYV92ZXJzaW9uIjoiMiJ9",
          "dependencies": [
            "aws_key_pair.monitor_key",
            "aws_security_group.monitor_sg"
          ]
        }
      ]
    },
    {
      "mode": "managed",
      "type": "aws_key_pair",
      "name": "monitor_key",
      "provider": "provider[\"registry.terraform.io/hashicorp/aws\"]",
      "instances": [
        {
          "schema_version": 1,
          "attributes": {
            "arn": "arn:aws:ec2:us-east-1:064209649655:key-pair/monitor-key",
            "fingerprint": "ad:54:76:e7:fc:22:3a:54:7c:b1:e5:5d:54:8d:2a:74",
            "id": "monitor-key",
            "key_name": "monitor-key",
            "key_name_prefix": "",
            "key_pair_id": "key-0a2ce77fd365d045a",
            "key_type": "rsa",
            "public_key": "ssh-rsa AAAAB3NzaC1yc2EAAAADAQABAAACAQCgq1cI/FRri4U2CAJoHjwGE5YNHcMBcFLA3NzFD/xYii140736dunOO/Fsv5r4mL11oNtOcv4vGUR5ZgZKTmdWnutuy15ojJhDzCH7dRn1AkD15mZSjLg9tR2jgQbjZK2nsT86VOuf1IK0Aqt4vQacHz8AWKu8xuw0acB1v9IgsLK2aqIoerlzxTwEJ3fcpL5tE7aSKPfElKdiWPgnaIrDbJKcoHqfYZ5GIehduUxk3WYxr2noj4uEEJO1Zrnu+9iAHuaQHHfNHlj0Lo/B/FigS7ILJqfBJGLZ4UsSEnxvuXbR7MU+BSH6NIV5ogcNKb8TsjGGS/V923aqUDps6DKsD8/dUUj2s42bzILoghEFbtTeUnzUoyH/CLYRmdGdtq5cVKBnr/OPwIcucYZI5an1omyCflWp8bQDNiVgspm14ghtyPwwfRu2+LkAsKMN09PebPIoITYCpau3m4rKMAJqwJjXvoX+GPRGCRIaHb5B6GGQeoBlMyIRuOdVtCZ6DWYCS3IlT6JQEs7Rp4JLkAYG4gA2psYd75NPXmNAbI35Ppdvmzk1L6DHAb6vb9Tnr8HDmmAzjCtZx6xmU1kZalIEw10wiKhsLTDk+JdLMPz8SmuEkQAmEp1FzTI1apei0SBgq673wc7h38/Re1oHttBmzsyCXu8H5AKs5AxusvB4Bw== aguil@Perrox000",
            "region": "us-east-1",
            "tags": null,
            "tags_all": {}
          },
          "sensitive_attributes": [],
          "identity_schema_version": 0,
          "private": "eyJzY2hlbWFfdmVyc2lvbiI6IjEifQ=="
        }
      ]
    },
    {
      "mode": "managed",
      "type": "aws_security_group",
      "name": "monitor_sg",
      "provider": "provider[\"registry.terraform.io/hashicorp/aws\"]",
      "instances": [
        {
          "schema_version": 1,
          "attributes": {
            "arn": "arn:aws:ec2:us-east-1:064209649655:security-group/sg-0d2b9680e0648ae74",
            "description": "Security group for server monitor",
            "egress": [
              {
                "cidr_blocks": [
                  "0.0.0.0/0"
                ],
                "description": "",
                "from_port": 0,
                "ipv6_cidr_blocks": [],
                "prefix_list_ids": [],
                "protocol": "-1",
                "security_groups": [],
                "self": false,
                "to_port": 0
              }
            ],
            "id": "sg-0d2b9680e0648ae74",
            "ingress": [
              {
                "cidr_blocks": [
                  "0.0.0.0/0"
                ],
                "description": "",
                "from_port": 22,
                "ipv6_cidr_blocks": [],
                "prefix_list_ids": [],
                "protocol": "tcp",
                "security_groups": [],
                "self": false,
                "to_port": 22
              }
            ],
            "name": "monitor-sg",
            "name_prefix": "",
            "owner_id": "064209649655",
            "region": "us-east-1",
            "revoke_rules_on_delete": false,
            "tags": null,
            "tags_all": {},
            "timeouts": null,
            "vpc_id": "vpc-0c3927f839bd67a84"
          },
          "sensitive_attributes": [],
          "identity_schema_version": 0,
          "identity": {
            "account_id": "064209649655",
            "id": "sg-0d2b9680e0648ae74",
            "region": "us-east-1"
          },
          "private": "eyJlMmJmYjczMC1lY2FhLTExZTYtOGY4OC0zNDM2M2JjN2M0YzAiOnsiY3JlYXRlIjo2MDAwMDAwMDAwMDAsImRlbGV0ZSI6OTAwMDAwMDAwMDAwfSwic2NoZW1hX3ZlcnNpb24iOiIxIn0="
        }
      ]
    }
  ],
  "check_results": null
}
